{
  "requires": true,
  "lockfileVersion": 1,
  "dependencies": {
    "docsify-pdf-embed-plugin": {
      "version": "1.0.8",
      "resolved": "https://registry.npmjs.org/docsify-pdf-embed-plugin/-/docsify-pdf-embed-plugin-1.0.8.tgz",
      "integrity": "sha512-p2OMTLV0UUi7VpT7+yRV7pR2cO1EODj6hxOe2LtyDpYFp6WREEcfwV9bPgyd8AYjS30bzkLLRCsiT8DYCEO1BA=="
    }
  }
}
